
Microsoft Visual Studio Solution File, Format Version 12.00
# Visual Studio Version 17
VisualStudioVersion = 17.7.34003.232
MinimumVisualStudioVersion = 10.0.40219.1
Project("{FAE04EC0-301F-11D3-BF4B-00C04F79EFBC}") = "TeamProject", "TeamProject\TeamProject.csproj", "{E2892978-BE27-4C6D-9B46-3C0AD3314F7E}"
EndProject
Global
	GlobalSection(SolutionConfigurationPlatforms) = preSolution
		Debug|Any CPU = Debug|Any CPU
		Release|Any CPU = Release|Any CPU
	EndGlobalSection
	GlobalSection(ProjectConfigurationPlatforms) = postSolution
		{E2892978-BE27-4C6D-9B46-3C0AD3314F7E}.Debug|Any CPU.ActiveCfg = Debug|Any CPU
		{E2892978-BE27-4C6D-9B46-3C0AD3314F7E}.Debug|Any CPU.Build.0 = Debug|Any CPU
		{E2892978-BE27-4C6D-9B46-3C0AD3314F7E}.Release|Any CPU.ActiveCfg = Release|Any CPU
		{E2892978-BE27-4C6D-9B46-3C0AD3314F7E}.Release|Any CPU.Build.0 = Release|Any CPU
	EndGlobalSection
	GlobalSection(SolutionProperties) = preSolution
		HideSolutionNode = FALSE
	EndGlobalSection
	GlobalSection(ExtensibilityGlobals) = postSolution
		SolutionGuid = {27742716-5378-4C0D-8FD8-6028FE682D18}
	EndGlobalSection
EndGlobal
